
Microsoft Visual Studio Solution File, Format Version 12.00
# Visual Studio Version 16
VisualStudioVersion = 16.0.30503.244
MinimumVisualStudioVersion = 10.0.40219.1
Project("{FAE04EC0-301F-11D3-BF4B-00C04F79EFBC}") = "XamarinQuotesApp.Android", "XamarinQuotesApp\XamarinQuotesApp.Android\XamarinQuotesApp.Android.csproj", "{B91F1D6E-159E-4AB3-AE39-3FAC0C73F08E}"
EndProject
Project("{FAE04EC0-301F-11D3-BF4B-00C04F79EFBC}") = "XamarinQuotesApp.iOS", "XamarinQuotesApp\XamarinQuotesApp.iOS\XamarinQuotesApp.iOS.csproj", "{18B5F420-9AAB-4E1A-B69F-296FED624E7E}"
EndProject
Project("{FAE04EC0-301F-11D3-BF4B-00C04F79EFBC}") = "XamarinQuotesApp", "XamarinQuotesApp\XamarinQuotesApp\XamarinQuotesApp.csproj", "{E6A46AFA-3169-4E4F-9D1E-EC01F8F58A53}"
EndProject
Global
	GlobalSection(SolutionConfigurationPlatforms) = preSolution
		Debug|Any CPU = Debug|Any CPU
		Debug|iPhone = Debug|iPhone
		Debug|iPhoneSimulator = Debug|iPhoneSimulator
		Release|Any CPU = Release|Any CPU
		Release|iPhone = Release|iPhone
		Release|iPhoneSimulator = Release|iPhoneSimulator
	EndGlobalSection
	GlobalSection(ProjectConfigurationPlatforms) = postSolution
		{B91F1D6E-159E-4AB3-AE39-3FAC0C73F08E}.Debug|Any CPU.ActiveCfg = Debug|Any CPU
		{B91F1D6E-159E-4AB3-AE39-3FAC0C73F08E}.Debug|Any CPU.Build.0 = Debug|Any CPU
		{B91F1D6E-159E-4AB3-AE39-3FAC0C73F08E}.Debug|Any CPU.Deploy.0 = Debug|Any CPU
		{B91F1D6E-159E-4AB3-AE39-3FAC0C73F08E}.Debug|iPhone.ActiveCfg = Debug|Any CPU
		{B91F1D6E-159E-4AB3-AE39-3FAC0C73F08E}.Debug|iPhone.Build.0 = Debug|Any CPU
		{B91F1D6E-159E-4AB3-AE39-3FAC0C73F08E}.Debug|iPhone.Deploy.0 = Debug|Any CPU
		{B91F1D6E-159E-4AB3-AE39-3FAC0C73F08E}.Debug|iPhoneSimulator.ActiveCfg = Debug|Any CPU
		{B91F1D6E-159E-4AB3-AE39-3FAC0C73F08E}.Debug|iPhoneSimulator.Build.0 = Debug|Any CPU
		{B91F1D6E-159E-4AB3-AE39-3FAC0C73F08E}.Debug|iPhoneSimulator.Deploy.0 = Debug|Any CPU
		{B91F1D6E-159E-4AB3-AE39-3FAC0C73F08E}.Release|Any CPU.ActiveCfg = Release|Any CPU
		{B91F1D6E-159E-4AB3-AE39-3FAC0C73F08E}.Release|Any CPU.Build.0 = Release|Any CPU
		{B91F1D6E-159E-4AB3-AE39-3FAC0C73F08E}.Release|Any CPU.Deploy.0 = Release|Any CPU
		{B91F1D6E-159E-4AB3-AE39-3FAC0C73F08E}.Release|iPhone.ActiveCfg = Release|Any CPU
		{B91F1D6E-159E-4AB3-AE39-3FAC0C73F08E}.Release|iPhone.Build.0 = Release|Any CPU
		{B91F1D6E-159E-4AB3-AE39-3FAC0C73F08E}.Release|iPhone.Deploy.0 = Release|Any CPU
		{B91F1D6E-159E-4AB3-AE39-3FAC0C73F08E}.Release|iPhoneSimulator.ActiveCfg = Release|Any CPU
		{B91F1D6E-159E-4AB3-AE39-3FAC0C73F08E}.Release|iPhoneSimulator.Build.0 = Release|Any CPU
		{B91F1D6E-159E-4AB3-AE39-3FAC0C73F08E}.Release|iPhoneSimulator.Deploy.0 = Release|Any CPU
		{18B5F420-9AAB-4E1A-B69F-296FED624E7E}.Debug|Any CPU.ActiveCfg = Debug|iPhone
		{18B5F420-9AAB-4E1A-B69F-296FED624E7E}.Debug|Any CPU.Build.0 = Debug|iPhone
		{18B5F420-9AAB-4E1A-B69F-296FED624E7E}.Debug|Any CPU.Deploy.0 = Debug|iPhone
		{18B5F420-9AAB-4E1A-B69F-296FED624E7E}.Debug|iPhone.ActiveCfg = Debug|iPhone
		{18B5F420-9AAB-4E1A-B69F-296FED624E7E}.Debug|iPhone.Build.0 = Debug|iPhone
		{18B5F420-9AAB-4E1A-B69F-296FED624E7E}.Debug|iPhone.Deploy.0 = Debug|iPhone
		{18B5F420-9AAB-4E1A-B69F-296FED624E7E}.Debug|iPhoneSimulator.ActiveCfg = Debug|iPhoneSimulator
		{18B5F420-9AAB-4E1A-B69F-296FED624E7E}.Debug|iPhoneSimulator.Build.0 = Debug|iPhoneSimulator
		{18B5F420-9AAB-4E1A-B69F-296FED624E7E}.Debug|iPhoneSimulator.Deploy.0 = Debug|iPhoneSimulator
		{18B5F420-9AAB-4E1A-B69F-296FED624E7E}.Release|Any CPU.ActiveCfg = Release|iPhoneSimulator
		{18B5F420-9AAB-4E1A-B69F-296FED624E7E}.Release|Any CPU.Build.0 = Release|iPhoneSimulator
		{18B5F420-9AAB-4E1A-B69F-296FED624E7E}.Release|Any CPU.Deploy.0 = Release|iPhoneSimulator
		{18B5F420-9AAB-4E1A-B69F-296FED624E7E}.Release|iPhone.ActiveCfg = Release|iPhone
		{18B5F420-9AAB-4E1A-B69F-296FED624E7E}.Release|iPhone.Build.0 = Release|iPhone
		{18B5F420-9AAB-4E1A-B69F-296FED624E7E}.Release|iPhone.Deploy.0 = Release|iPhone
		{18B5F420-9AAB-4E1A-B69F-296FED624E7E}.Release|iPhoneSimulator.ActiveCfg = Release|iPhoneSimulator
		{18B5F420-9AAB-4E1A-B69F-296FED624E7E}.Release|iPhoneSimulator.Build.0 = Release|iPhoneSimulator
		{18B5F420-9AAB-4E1A-B69F-296FED624E7E}.Release|iPhoneSimulator.Deploy.0 = Release|iPhoneSimulator
		{E6A46AFA-3169-4E4F-9D1E-EC01F8F58A53}.Debug|Any CPU.ActiveCfg = Debug|Any CPU
		{E6A46AFA-3169-4E4F-9D1E-EC01F8F58A53}.Debug|Any CPU.Build.0 = Debug|Any CPU
		{E6A46AFA-3169-4E4F-9D1E-EC01F8F58A53}.Debug|Any CPU.Deploy.0 = Debug|Any CPU
		{E6A46AFA-3169-4E4F-9D1E-EC01F8F58A53}.Debug|iPhone.ActiveCfg = Debug|Any CPU
		{E6A46AFA-3169-4E4F-9D1E-EC01F8F58A53}.Debug|iPhone.Build.0 = Debug|Any CPU
		{E6A46AFA-3169-4E4F-9D1E-EC01F8F58A53}.Debug|iPhone.Deploy.0 = Debug|Any CPU
		{E6A46AFA-3169-4E4F-9D1E-EC01F8F58A53}.Debug|iPhoneSimulator.ActiveCfg = Debug|Any CPU
		{E6A46AFA-3169-4E4F-9D1E-EC01F8F58A53}.Debug|iPhoneSimulator.Build.0 = Debug|Any CPU
		{E6A46AFA-3169-4E4F-9D1E-EC01F8F58A53}.Debug|iPhoneSimulator.Deploy.0 = Debug|Any CPU
		{E6A46AFA-3169-4E4F-9D1E-EC01F8F58A53}.Release|Any CPU.ActiveCfg = Release|Any CPU
		{E6A46AFA-3169-4E4F-9D1E-EC01F8F58A53}.Release|Any CPU.Build.0 = Release|Any CPU
		{E6A46AFA-3169-4E4F-9D1E-EC01F8F58A53}.Release|Any CPU.Deploy.0 = Release|Any CPU
		{E6A46AFA-3169-4E4F-9D1E-EC01F8F58A53}.Release|iPhone.ActiveCfg = Release|Any CPU
		{E6A46AFA-3169-4E4F-9D1E-EC01F8F58A53}.Release|iPhone.Build.0 = Release|Any CPU
		{E6A46AFA-3169-4E4F-9D1E-EC01F8F58A53}.Release|iPhone.Deploy.0 = Release|Any CPU
		{E6A46AFA-3169-4E4F-9D1E-EC01F8F58A53}.Release|iPhoneSimulator.ActiveCfg = Release|Any CPU
		{E6A46AFA-3169-4E4F-9D1E-EC01F8F58A53}.Release|iPhoneSimulator.Build.0 = Release|Any CPU
		{E6A46AFA-3169-4E4F-9D1E-EC01F8F58A53}.Release|iPhoneSimulator.Deploy.0 = Release|Any CPU
	EndGlobalSection
	GlobalSection(SolutionProperties) = preSolution
		HideSolutionNode = FALSE
	EndGlobalSection
	GlobalSection(ExtensibilityGlobals) = postSolution
		SolutionGuid = {D67C2EFD-4FD5-43E1-B4FE-0F107B9157A9}
	EndGlobalSection
EndGlobal
